
Microsoft Visual Studio Solution File, Format Version 12.00
# 
Project("{FAE04EC0-301F-11D3-BF4B-00C04F79EFBC}") = "Event2015", "Event2015\Event2015.csproj", "{1F55A312-7426-4EE3-BED1-931B2726164B}"
EndProject
Project("{FAE04EC0-301F-11D3-BF4B-00C04F79EFBC}") = "Event2016", "Event2016\Event2016.csproj", "{C5E15EF2-4BFB-487F-A290-AA4E37CC8591}"
EndProject
Project("{FAE04EC0-301F-11D3-BF4B-00C04F79EFBC}") = "Event2017", "Event2017\Event2017.csproj", "{7B722DE6-E7F9-4A0E-B4B5-718211F210A5}"
EndProject
Project("{FAE04EC0-301F-11D3-BF4B-00C04F79EFBC}") = "Event2018", "Event2018\Event2018.csproj", "{7879CF7C-B756-4B07-8B6B-2DC3BD1D2CD3}"
EndProject
Project("{FAE04EC0-301F-11D3-BF4B-00C04F79EFBC}") = "Event2019", "Event2019\Event2019.csproj", "{3D482D39-8023-4E92-8164-2342FFF17166}"
EndProject
Project("{FAE04EC0-301F-11D3-BF4B-00C04F79EFBC}") = "Event2020", "Event2020\Event2020.csproj", "{78AC0D0E-14C3-42BF-9D34-217AB31F61D5}"
EndProject
Project("{FAE04EC0-301F-11D3-BF4B-00C04F79EFBC}") = "Event2015.Tests", "Event2015.Tests\Event2015.Tests.csproj", "{DD742D73-B338-4125-817A-0D0890954BB1}"
EndProject
Project("{FAE04EC0-301F-11D3-BF4B-00C04F79EFBC}") = "Shared", "Shared\Shared.csproj", "{A751072A-84EA-4B07-9E4F-E3096005CDDF}"
EndProject
Global
	GlobalSection(SolutionConfigurationPlatforms) = preSolution
		Debug|Any CPU = Debug|Any CPU
		Release|Any CPU = Release|Any CPU
	EndGlobalSection
	GlobalSection(ProjectConfigurationPlatforms) = postSolution
		{1F55A312-7426-4EE3-BED1-931B2726164B}.Debug|Any CPU.ActiveCfg = Debug|Any CPU
		{1F55A312-7426-4EE3-BED1-931B2726164B}.Debug|Any CPU.Build.0 = Debug|Any CPU
		{1F55A312-7426-4EE3-BED1-931B2726164B}.Release|Any CPU.ActiveCfg = Release|Any CPU
		{1F55A312-7426-4EE3-BED1-931B2726164B}.Release|Any CPU.Build.0 = Release|Any CPU
		{C5E15EF2-4BFB-487F-A290-AA4E37CC8591}.Debug|Any CPU.ActiveCfg = Debug|Any CPU
		{C5E15EF2-4BFB-487F-A290-AA4E37CC8591}.Debug|Any CPU.Build.0 = Debug|Any CPU
		{C5E15EF2-4BFB-487F-A290-AA4E37CC8591}.Release|Any CPU.ActiveCfg = Release|Any CPU
		{C5E15EF2-4BFB-487F-A290-AA4E37CC8591}.Release|Any CPU.Build.0 = Release|Any CPU
		{7B722DE6-E7F9-4A0E-B4B5-718211F210A5}.Debug|Any CPU.ActiveCfg = Debug|Any CPU
		{7B722DE6-E7F9-4A0E-B4B5-718211F210A5}.Debug|Any CPU.Build.0 = Debug|Any CPU
		{7B722DE6-E7F9-4A0E-B4B5-718211F210A5}.Release|Any CPU.ActiveCfg = Release|Any CPU
		{7B722DE6-E7F9-4A0E-B4B5-718211F210A5}.Release|Any CPU.Build.0 = Release|Any CPU
		{7879CF7C-B756-4B07-8B6B-2DC3BD1D2CD3}.Debug|Any CPU.ActiveCfg = Debug|Any CPU
		{7879CF7C-B756-4B07-8B6B-2DC3BD1D2CD3}.Debug|Any CPU.Build.0 = Debug|Any CPU
		{7879CF7C-B756-4B07-8B6B-2DC3BD1D2CD3}.Release|Any CPU.ActiveCfg = Release|Any CPU
		{7879CF7C-B756-4B07-8B6B-2DC3BD1D2CD3}.Release|Any CPU.Build.0 = Release|Any CPU
		{3D482D39-8023-4E92-8164-2342FFF17166}.Debug|Any CPU.ActiveCfg = Debug|Any CPU
		{3D482D39-8023-4E92-8164-2342FFF17166}.Debug|Any CPU.Build.0 = Debug|Any CPU
		{3D482D39-8023-4E92-8164-2342FFF17166}.Release|Any CPU.ActiveCfg = Release|Any CPU
		{3D482D39-8023-4E92-8164-2342FFF17166}.Release|Any CPU.Build.0 = Release|Any CPU
		{78AC0D0E-14C3-42BF-9D34-217AB31F61D5}.Debug|Any CPU.ActiveCfg = Debug|Any CPU
		{78AC0D0E-14C3-42BF-9D34-217AB31F61D5}.Debug|Any CPU.Build.0 = Debug|Any CPU
		{78AC0D0E-14C3-42BF-9D34-217AB31F61D5}.Release|Any CPU.ActiveCfg = Release|Any CPU
		{78AC0D0E-14C3-42BF-9D34-217AB31F61D5}.Release|Any CPU.Build.0 = Release|Any CPU
		{DD742D73-B338-4125-817A-0D0890954BB1}.Debug|Any CPU.ActiveCfg = Debug|Any CPU
		{DD742D73-B338-4125-817A-0D0890954BB1}.Debug|Any CPU.Build.0 = Debug|Any CPU
		{DD742D73-B338-4125-817A-0D0890954BB1}.Release|Any CPU.ActiveCfg = Release|Any CPU
		{DD742D73-B338-4125-817A-0D0890954BB1}.Release|Any CPU.Build.0 = Release|Any CPU
		{A751072A-84EA-4B07-9E4F-E3096005CDDF}.Debug|Any CPU.ActiveCfg = Debug|Any CPU
		{A751072A-84EA-4B07-9E4F-E3096005CDDF}.Debug|Any CPU.Build.0 = Debug|Any CPU
		{A751072A-84EA-4B07-9E4F-E3096005CDDF}.Release|Any CPU.ActiveCfg = Release|Any CPU
		{A751072A-84EA-4B07-9E4F-E3096005CDDF}.Release|Any CPU.Build.0 = Release|Any CPU
	EndGlobalSection
EndGlobal
