
Microsoft Visual Studio Solution File, Format Version 12.00
# 
Project("{FAE04EC0-301F-11D3-BF4B-00C04F79EFBC}") = "Shared", "Shared\Shared.csproj", "{A751072A-84EA-4B07-9E4F-E3096005CDDF}"
EndProject
Project("{FAE04EC0-301F-11D3-BF4B-00C04F79EFBC}") = "Event2015.Day01", "Event2015.Day01\Event2015.Day01.csproj", "{823192D1-8533-4043-955E-D87389E8A6C8}"
EndProject
Project("{FAE04EC0-301F-11D3-BF4B-00C04F79EFBC}") = "Event2015.Day02", "Event2015.Day02\Event2015.Day02.csproj", "{E5D7817B-0CE1-4A65-885F-965C7A8A3676}"
EndProject
Project("{FAE04EC0-301F-11D3-BF4B-00C04F79EFBC}") = "Event2015.Day03", "Event2015.Day03\Event2015.Day03.csproj", "{B70FB14B-918E-4327-9565-3B9EFF511925}"
EndProject
Project("{FAE04EC0-301F-11D3-BF4B-00C04F79EFBC}") = "Event2015.Day04", "Event2015.Day04\Event2015.Day04.csproj", "{710376FE-C0D4-4D30-AEF1-21D8FB48E234}"
EndProject
Project("{FAE04EC0-301F-11D3-BF4B-00C04F79EFBC}") = "Event2015.Day05", "Event2015.Day05\Event2015.Day05.csproj", "{A52DBAEA-F173-4730-A6CF-567D45EB38C0}"
EndProject
Project("{FAE04EC0-301F-11D3-BF4B-00C04F79EFBC}") = "Event2015.Day06", "Event2015.Day06\Event2015.Day06.csproj", "{4E2CDCD1-5132-4DA7-9F39-A4E495ED8DD0}"
EndProject
Project("{FAE04EC0-301F-11D3-BF4B-00C04F79EFBC}") = "Event2015.Day07", "Event2015.Day07\Event2015.Day07.csproj", "{55E2056B-684C-4366-AE14-0A8C9A4C6D33}"
EndProject
Project("{FAE04EC0-301F-11D3-BF4B-00C04F79EFBC}") = "Event2015.Day08", "Event2015.Day08\Event2015.Day08.csproj", "{156EEB09-5A08-4C8A-A7C1-870BE5A711F4}"
EndProject
Project("{FAE04EC0-301F-11D3-BF4B-00C04F79EFBC}") = "Event2020.Day01", "Event2020.Day01\Event2020.Day01.csproj", "{B40E162B-AF4F-4B10-B92E-E621FEEF6B25}"
EndProject
Project("{FAE04EC0-301F-11D3-BF4B-00C04F79EFBC}") = "Event2020.Day02", "Event2020.Day02\Event2020.Day02.csproj", "{25FC7B0A-F141-485E-8138-AEF548C96FFF}"
EndProject
Project("{FAE04EC0-301F-11D3-BF4B-00C04F79EFBC}") = "Event2020.Day03", "Event2020.Day03\Event2020.Day03.csproj", "{4A077C84-9037-49CD-B07A-627CD3821B50}"
EndProject
Project("{FAE04EC0-301F-11D3-BF4B-00C04F79EFBC}") = "Event2020.Day04", "Event2020.Day04\Event2020.Day04.csproj", "{197C18E0-2EBE-49AF-A623-8E7D7A6222DD}"
EndProject
Project("{FAE04EC0-301F-11D3-BF4B-00C04F79EFBC}") = "Event2020.Day05", "Event2020.Day05\Event2020.Day05.csproj", "{A918F217-9F8C-45D6-B383-ADBBC4D9E7AA}"
EndProject
Project("{FAE04EC0-301F-11D3-BF4B-00C04F79EFBC}") = "Event2020.Day06", "Event2020.Day06\Event2020.Day06.csproj", "{B46F125F-B510-41D2-934B-C05220C54D22}"
EndProject
Project("{FAE04EC0-301F-11D3-BF4B-00C04F79EFBC}") = "Event2020.Day07", "Event2020.Day07\Event2020.Day07.csproj", "{6EF85CA2-95BA-4D29-AAF9-572DDD14AD61}"
EndProject
Project("{FAE04EC0-301F-11D3-BF4B-00C04F79EFBC}") = "Event2020.Day08", "Event2020.Day08\Event2020.Day08.csproj", "{C65413A8-B363-424E-88D9-08FFF24DA406}"
EndProject
Project("{FAE04EC0-301F-11D3-BF4B-00C04F79EFBC}") = "Event2020.Day09", "Event2020.Day09\Event2020.Day09.csproj", "{D10AD98A-4E47-4209-BA18-3696795DC123}"
EndProject
Project("{FAE04EC0-301F-11D3-BF4B-00C04F79EFBC}") = "Event2015.Day09", "Event2015.Day09\Event2015.Day09.csproj", "{DAC476BF-D4C4-48F1-8673-2062BE91628D}"
EndProject
Project("{FAE04EC0-301F-11D3-BF4B-00C04F79EFBC}") = "Event2015.Day10", "Event2015.Day10\Event2015.Day10.csproj", "{ED436679-C53A-47BF-9503-975AA1C971C5}"
EndProject
Project("{FAE04EC0-301F-11D3-BF4B-00C04F79EFBC}") = "Event2020.Day10", "Event2020.Day10\Event2020.Day10.csproj", "{A1305D9B-5CF5-4403-B939-612F3F5D967A}"
EndProject
Global
	GlobalSection(SolutionConfigurationPlatforms) = preSolution
		Debug|Any CPU = Debug|Any CPU
		Release|Any CPU = Release|Any CPU
	EndGlobalSection
	GlobalSection(ProjectConfigurationPlatforms) = postSolution
		{A751072A-84EA-4B07-9E4F-E3096005CDDF}.Debug|Any CPU.ActiveCfg = Debug|Any CPU
		{A751072A-84EA-4B07-9E4F-E3096005CDDF}.Debug|Any CPU.Build.0 = Debug|Any CPU
		{A751072A-84EA-4B07-9E4F-E3096005CDDF}.Release|Any CPU.ActiveCfg = Release|Any CPU
		{A751072A-84EA-4B07-9E4F-E3096005CDDF}.Release|Any CPU.Build.0 = Release|Any CPU
		{823192D1-8533-4043-955E-D87389E8A6C8}.Debug|Any CPU.ActiveCfg = Debug|Any CPU
		{823192D1-8533-4043-955E-D87389E8A6C8}.Debug|Any CPU.Build.0 = Debug|Any CPU
		{823192D1-8533-4043-955E-D87389E8A6C8}.Release|Any CPU.ActiveCfg = Release|Any CPU
		{823192D1-8533-4043-955E-D87389E8A6C8}.Release|Any CPU.Build.0 = Release|Any CPU
		{E5D7817B-0CE1-4A65-885F-965C7A8A3676}.Debug|Any CPU.ActiveCfg = Debug|Any CPU
		{E5D7817B-0CE1-4A65-885F-965C7A8A3676}.Debug|Any CPU.Build.0 = Debug|Any CPU
		{E5D7817B-0CE1-4A65-885F-965C7A8A3676}.Release|Any CPU.ActiveCfg = Release|Any CPU
		{E5D7817B-0CE1-4A65-885F-965C7A8A3676}.Release|Any CPU.Build.0 = Release|Any CPU
		{B70FB14B-918E-4327-9565-3B9EFF511925}.Debug|Any CPU.ActiveCfg = Debug|Any CPU
		{B70FB14B-918E-4327-9565-3B9EFF511925}.Debug|Any CPU.Build.0 = Debug|Any CPU
		{B70FB14B-918E-4327-9565-3B9EFF511925}.Release|Any CPU.ActiveCfg = Release|Any CPU
		{B70FB14B-918E-4327-9565-3B9EFF511925}.Release|Any CPU.Build.0 = Release|Any CPU
		{710376FE-C0D4-4D30-AEF1-21D8FB48E234}.Debug|Any CPU.ActiveCfg = Debug|Any CPU
		{710376FE-C0D4-4D30-AEF1-21D8FB48E234}.Debug|Any CPU.Build.0 = Debug|Any CPU
		{710376FE-C0D4-4D30-AEF1-21D8FB48E234}.Release|Any CPU.ActiveCfg = Release|Any CPU
		{710376FE-C0D4-4D30-AEF1-21D8FB48E234}.Release|Any CPU.Build.0 = Release|Any CPU
		{A52DBAEA-F173-4730-A6CF-567D45EB38C0}.Debug|Any CPU.ActiveCfg = Debug|Any CPU
		{A52DBAEA-F173-4730-A6CF-567D45EB38C0}.Debug|Any CPU.Build.0 = Debug|Any CPU
		{A52DBAEA-F173-4730-A6CF-567D45EB38C0}.Release|Any CPU.ActiveCfg = Release|Any CPU
		{A52DBAEA-F173-4730-A6CF-567D45EB38C0}.Release|Any CPU.Build.0 = Release|Any CPU
		{4E2CDCD1-5132-4DA7-9F39-A4E495ED8DD0}.Debug|Any CPU.ActiveCfg = Debug|Any CPU
		{4E2CDCD1-5132-4DA7-9F39-A4E495ED8DD0}.Debug|Any CPU.Build.0 = Debug|Any CPU
		{4E2CDCD1-5132-4DA7-9F39-A4E495ED8DD0}.Release|Any CPU.ActiveCfg = Release|Any CPU
		{4E2CDCD1-5132-4DA7-9F39-A4E495ED8DD0}.Release|Any CPU.Build.0 = Release|Any CPU
		{55E2056B-684C-4366-AE14-0A8C9A4C6D33}.Debug|Any CPU.ActiveCfg = Debug|Any CPU
		{55E2056B-684C-4366-AE14-0A8C9A4C6D33}.Debug|Any CPU.Build.0 = Debug|Any CPU
		{55E2056B-684C-4366-AE14-0A8C9A4C6D33}.Release|Any CPU.ActiveCfg = Release|Any CPU
		{55E2056B-684C-4366-AE14-0A8C9A4C6D33}.Release|Any CPU.Build.0 = Release|Any CPU
		{156EEB09-5A08-4C8A-A7C1-870BE5A711F4}.Debug|Any CPU.ActiveCfg = Debug|Any CPU
		{156EEB09-5A08-4C8A-A7C1-870BE5A711F4}.Debug|Any CPU.Build.0 = Debug|Any CPU
		{156EEB09-5A08-4C8A-A7C1-870BE5A711F4}.Release|Any CPU.ActiveCfg = Release|Any CPU
		{156EEB09-5A08-4C8A-A7C1-870BE5A711F4}.Release|Any CPU.Build.0 = Release|Any CPU
		{B40E162B-AF4F-4B10-B92E-E621FEEF6B25}.Debug|Any CPU.ActiveCfg = Debug|Any CPU
		{B40E162B-AF4F-4B10-B92E-E621FEEF6B25}.Debug|Any CPU.Build.0 = Debug|Any CPU
		{B40E162B-AF4F-4B10-B92E-E621FEEF6B25}.Release|Any CPU.ActiveCfg = Release|Any CPU
		{B40E162B-AF4F-4B10-B92E-E621FEEF6B25}.Release|Any CPU.Build.0 = Release|Any CPU
		{25FC7B0A-F141-485E-8138-AEF548C96FFF}.Debug|Any CPU.ActiveCfg = Debug|Any CPU
		{25FC7B0A-F141-485E-8138-AEF548C96FFF}.Debug|Any CPU.Build.0 = Debug|Any CPU
		{25FC7B0A-F141-485E-8138-AEF548C96FFF}.Release|Any CPU.ActiveCfg = Release|Any CPU
		{25FC7B0A-F141-485E-8138-AEF548C96FFF}.Release|Any CPU.Build.0 = Release|Any CPU
		{4A077C84-9037-49CD-B07A-627CD3821B50}.Debug|Any CPU.ActiveCfg = Debug|Any CPU
		{4A077C84-9037-49CD-B07A-627CD3821B50}.Debug|Any CPU.Build.0 = Debug|Any CPU
		{4A077C84-9037-49CD-B07A-627CD3821B50}.Release|Any CPU.ActiveCfg = Release|Any CPU
		{4A077C84-9037-49CD-B07A-627CD3821B50}.Release|Any CPU.Build.0 = Release|Any CPU
		{197C18E0-2EBE-49AF-A623-8E7D7A6222DD}.Debug|Any CPU.ActiveCfg = Debug|Any CPU
		{197C18E0-2EBE-49AF-A623-8E7D7A6222DD}.Debug|Any CPU.Build.0 = Debug|Any CPU
		{197C18E0-2EBE-49AF-A623-8E7D7A6222DD}.Release|Any CPU.ActiveCfg = Release|Any CPU
		{197C18E0-2EBE-49AF-A623-8E7D7A6222DD}.Release|Any CPU.Build.0 = Release|Any CPU
		{A918F217-9F8C-45D6-B383-ADBBC4D9E7AA}.Debug|Any CPU.ActiveCfg = Debug|Any CPU
		{A918F217-9F8C-45D6-B383-ADBBC4D9E7AA}.Debug|Any CPU.Build.0 = Debug|Any CPU
		{A918F217-9F8C-45D6-B383-ADBBC4D9E7AA}.Release|Any CPU.ActiveCfg = Release|Any CPU
		{A918F217-9F8C-45D6-B383-ADBBC4D9E7AA}.Release|Any CPU.Build.0 = Release|Any CPU
		{B46F125F-B510-41D2-934B-C05220C54D22}.Debug|Any CPU.ActiveCfg = Debug|Any CPU
		{B46F125F-B510-41D2-934B-C05220C54D22}.Debug|Any CPU.Build.0 = Debug|Any CPU
		{B46F125F-B510-41D2-934B-C05220C54D22}.Release|Any CPU.ActiveCfg = Release|Any CPU
		{B46F125F-B510-41D2-934B-C05220C54D22}.Release|Any CPU.Build.0 = Release|Any CPU
		{6EF85CA2-95BA-4D29-AAF9-572DDD14AD61}.Debug|Any CPU.ActiveCfg = Debug|Any CPU
		{6EF85CA2-95BA-4D29-AAF9-572DDD14AD61}.Debug|Any CPU.Build.0 = Debug|Any CPU
		{6EF85CA2-95BA-4D29-AAF9-572DDD14AD61}.Release|Any CPU.ActiveCfg = Release|Any CPU
		{6EF85CA2-95BA-4D29-AAF9-572DDD14AD61}.Release|Any CPU.Build.0 = Release|Any CPU
		{C65413A8-B363-424E-88D9-08FFF24DA406}.Debug|Any CPU.ActiveCfg = Debug|Any CPU
		{C65413A8-B363-424E-88D9-08FFF24DA406}.Debug|Any CPU.Build.0 = Debug|Any CPU
		{C65413A8-B363-424E-88D9-08FFF24DA406}.Release|Any CPU.ActiveCfg = Release|Any CPU
		{C65413A8-B363-424E-88D9-08FFF24DA406}.Release|Any CPU.Build.0 = Release|Any CPU
		{D10AD98A-4E47-4209-BA18-3696795DC123}.Debug|Any CPU.ActiveCfg = Debug|Any CPU
		{D10AD98A-4E47-4209-BA18-3696795DC123}.Debug|Any CPU.Build.0 = Debug|Any CPU
		{D10AD98A-4E47-4209-BA18-3696795DC123}.Release|Any CPU.ActiveCfg = Release|Any CPU
		{D10AD98A-4E47-4209-BA18-3696795DC123}.Release|Any CPU.Build.0 = Release|Any CPU
		{DAC476BF-D4C4-48F1-8673-2062BE91628D}.Debug|Any CPU.ActiveCfg = Debug|Any CPU
		{DAC476BF-D4C4-48F1-8673-2062BE91628D}.Debug|Any CPU.Build.0 = Debug|Any CPU
		{DAC476BF-D4C4-48F1-8673-2062BE91628D}.Release|Any CPU.ActiveCfg = Release|Any CPU
		{DAC476BF-D4C4-48F1-8673-2062BE91628D}.Release|Any CPU.Build.0 = Release|Any CPU
		{ED436679-C53A-47BF-9503-975AA1C971C5}.Debug|Any CPU.ActiveCfg = Debug|Any CPU
		{ED436679-C53A-47BF-9503-975AA1C971C5}.Debug|Any CPU.Build.0 = Debug|Any CPU
		{ED436679-C53A-47BF-9503-975AA1C971C5}.Release|Any CPU.ActiveCfg = Release|Any CPU
		{ED436679-C53A-47BF-9503-975AA1C971C5}.Release|Any CPU.Build.0 = Release|Any CPU
		{A1305D9B-5CF5-4403-B939-612F3F5D967A}.Debug|Any CPU.ActiveCfg = Debug|Any CPU
		{A1305D9B-5CF5-4403-B939-612F3F5D967A}.Debug|Any CPU.Build.0 = Debug|Any CPU
		{A1305D9B-5CF5-4403-B939-612F3F5D967A}.Release|Any CPU.ActiveCfg = Release|Any CPU
		{A1305D9B-5CF5-4403-B939-612F3F5D967A}.Release|Any CPU.Build.0 = Release|Any CPU
	EndGlobalSection
EndGlobal
